
Microsoft Visual Studio Solution File, Format Version 12.00
# Visual Studio Version 17
VisualStudioVersion = 17.8.34511.84
MinimumVisualStudioVersion = 10.0.40219.1
Project("{FAE04EC0-301F-11D3-BF4B-00C04F79EFBC}") = "gestionnair-depense", "gestionnair-depense\gestionnair-depense.csproj", "{FE0089B3-54CA-4FD4-9CA0-F8D5B1A985CE}"
EndProject
Global
	GlobalSection(SolutionConfigurationPlatforms) = preSolution
		Debug|Any CPU = Debug|Any CPU
		Release|Any CPU = Release|Any CPU
	EndGlobalSection
	GlobalSection(ProjectConfigurationPlatforms) = postSolution
		{FE0089B3-54CA-4FD4-9CA0-F8D5B1A985CE}.Debug|Any CPU.ActiveCfg = Debug|Any CPU
		{FE0089B3-54CA-4FD4-9CA0-F8D5B1A985CE}.Debug|Any CPU.Build.0 = Debug|Any CPU
		{FE0089B3-54CA-4FD4-9CA0-F8D5B1A985CE}.Release|Any CPU.ActiveCfg = Release|Any CPU
		{FE0089B3-54CA-4FD4-9CA0-F8D5B1A985CE}.Release|Any CPU.Build.0 = Release|Any CPU
	EndGlobalSection
	GlobalSection(SolutionProperties) = preSolution
		HideSolutionNode = FALSE
	EndGlobalSection
	GlobalSection(ExtensibilityGlobals) = postSolution
		SolutionGuid = {7351DB0F-B0C3-40AE-A6AB-89B48169FAA9}
	EndGlobalSection
EndGlobal
